
Microsoft Visual Studio Solution File, Format Version 12.00
# Visual Studio 15
VisualStudioVersion = 15.0.28010.2041
MinimumVisualStudioVersion = 10.0.40219.1
Project("{FAE04EC0-301F-11D3-BF4B-00C04F79EFBC}") = "goChord.goChordDb.DataAccess", "goChord.goChordDb.DataAccess\goChord.goChordDb.DataAccess.csproj", "{D5EA6164-6F6A-469E-97B1-1631F41C4848}"
EndProject
Global
	GlobalSection(SolutionConfigurationPlatforms) = preSolution
		Debug|Any CPU = Debug|Any CPU
		Release|Any CPU = Release|Any CPU
	EndGlobalSection
	GlobalSection(ProjectConfigurationPlatforms) = postSolution
		{D5EA6164-6F6A-469E-97B1-1631F41C4848}.Debug|Any CPU.ActiveCfg = Debug|Any CPU
		{D5EA6164-6F6A-469E-97B1-1631F41C4848}.Debug|Any CPU.Build.0 = Debug|Any CPU
		{D5EA6164-6F6A-469E-97B1-1631F41C4848}.Release|Any CPU.ActiveCfg = Release|Any CPU
		{D5EA6164-6F6A-469E-97B1-1631F41C4848}.Release|Any CPU.Build.0 = Release|Any CPU
	EndGlobalSection
	GlobalSection(SolutionProperties) = preSolution
		HideSolutionNode = FALSE
	EndGlobalSection
	GlobalSection(ExtensibilityGlobals) = postSolution
		SolutionGuid = {414E7D45-B96A-42C8-8C4E-753D9142D533}
	EndGlobalSection
EndGlobal
